{
  "version": 2,
  "dependencies": {
    "net10.0": {
      "Bogus": {
        "type": "Direct",
        "requested": "[35.6.5, )",
        "resolved": "35.6.5",
        "contentHash": "2FGZn+aAVHjmCgClgmGkTDBVZk0zkLvAKGaxEf5JL6b3i9JbHTE4wnuY4vHCuzlCmJdU6VZjgDfHwmYkQF8VAA=="
      },
      "Microsoft.CodeAnalysis.CSharp": {
        "type": "Direct",
        "requested": "[4.13.0, )",
        "resolved": "4.13.0",
        "contentHash": "BsH7Vijbj9IL7Fj4k/ysZSVyLGFqr75wmdFGwCKWJvSjnA1xwPaQ3hkB2BQdHOt5CpEYA6Q0I6Oo5sDTDHqHsg==",
        "dependencies": {
          "Microsoft.CodeAnalysis.Analyzers": "3.11.0",
          "Microsoft.CodeAnalysis.Common": "[4.13.0]"
        }
      },
      "Purview.SourceGeneratorFramework.Testing.TUnit": {
        "type": "Direct",
        "requested": "[1.0.0-prerelease.26, )",
        "resolved": "1.0.0-prerelease.26",
        "contentHash": "mvLNPE5GlqQS8Eun+wkqWsSOh7pGDvk+I4xPBoLoWvqlwyX/rNd3fV23R6qCun7tC5U0jPwxe19mAlMaeiwagg==",
        "dependencies": {
          "Microsoft.CodeAnalysis.Analyzers": "5.9.0",
          "Microsoft.CodeAnalysis.CSharp": "4.13.0",
          "Microsoft.CodeAnalysis.CSharp.Workspaces": "4.13.0",
          "Purview.SourceGeneratorFramework.Testing": "1.0.0-prerelease.26",
          "TUnit.Assertions": "1.65.51",
          "TUnit.Core": "1.65.51"
        }
      },
      "TUnit": {
        "type": "Direct",
        "requested": "[1.65.68, )",
        "resolved": "1.65.68",
        "contentHash": "m9T37lAzkKxAbnj3PkKQ9irRC0CvL8P2tuE2UzRyEsaaWMZZXIDHmSqjs4RDN4URnvT8iFfp3/1TLPUi4cwtXg==",
        "dependencies": {
          "Microsoft.Testing.Extensions.CodeCoverage": "18.10.0",
          "Microsoft.Testing.Extensions.Telemetry": "2.3.3",
          "Microsoft.Testing.Extensions.TrxReport": "2.3.3",
          "TUnit.Assertions": "1.65.68",
          "TUnit.Engine": "1.65.68"
        }
      },
      "TUnit.Mocks": {
        "type": "Direct",
        "requested": "[1.65.68, )",
        "resolved": "1.65.68",
        "contentHash": "Z5Ll3iD7O3A/eYNqowiSZudkwuTyF0jwCFYvSV0WdpfYCQBcT97Zr/Y3sDP5U80EbKinlsa0VZLHLvnXiSByEg==",
        "dependencies": {
          "TUnit.Core": "1.65.68"
        }
      },
      "Humanizer.Core": {
        "type": "Transitive",
        "resolved": "2.14.1",
        "contentHash": "lQKvtaTDOXnoVJ20ibTuSIOf2i0uO0MPbDhd1jm238I+U/2ZnRENj0cktKZhtchBMtCUSRQ5v4xBCUbKNmyVMw=="
      },
      "Microsoft.ApplicationInsights": {
        "type": "Transitive",
        "resolved": "2.23.0",
        "contentHash": "nWArUZTdU7iqZLycLKWe0TDms48KKGE6pONH2terYNa8REXiqixrMOkf1sk5DHGMaUTqONU2YkS4SAXBhLStgw=="
      },
      "Microsoft.CodeAnalysis.Common": {
        "type": "Transitive",
        "resolved": "4.13.0",
        "contentHash": "T8nRl4mAUY4mhdYM4U2ra2vP2EL+ol8Yqwo0gwC/V55vmlXq9NxdIkZJynTpTL1uX/jHijJ90AeOEx4lf7OwzQ==",
        "dependencies": {
          "Microsoft.CodeAnalysis.Analyzers": "3.11.0"
        }
      },
      "Microsoft.CodeAnalysis.CSharp.Workspaces": {
        "type": "Transitive",
        "resolved": "4.13.0",
        "contentHash": "jglyNfcWHMhtqTmsiTcvOjnd/ibgjMhkKPaHpVrtnuftqAu7Dt8W5nciEZoDjbxSCdG39WOnPmESamqaCgUN1w==",
        "dependencies": {
          "Humanizer.Core": "2.14.1",
          "Microsoft.CodeAnalysis.Analyzers": "3.11.0",
          "Microsoft.CodeAnalysis.CSharp": "[4.13.0]",
          "Microsoft.CodeAnalysis.Common": "[4.13.0]",
          "Microsoft.CodeAnalysis.Workspaces.Common": "[4.13.0]",
          "System.Composition": "8.0.0"
        }
      },
      "Microsoft.CodeAnalysis.Workspaces.Common": {
        "type": "Transitive",
        "resolved": "4.13.0",
        "contentHash": "7kME/hT+I8zlOWIWcX1jWLDKwLNU21u1JGzDV47KxeaYIn5LCacMD2n1LzR4+PwzGzAedy+YjRwcy+NcO9zY+g==",
        "dependencies": {
          "Humanizer.Core": "2.14.1",
          "Microsoft.CodeAnalysis.Analyzers": "3.11.0",
          "Microsoft.CodeAnalysis.Common": "[4.13.0]",
          "System.Composition": "8.0.0"
        }
      },
      "Microsoft.DiaSymReader": {
        "type": "Transitive",
        "resolved": "2.2.10",
        "contentHash": "zmGsm6b2y3STDa/Of7rdkkfTDV8VuGB8aCqIkLoJIQh5tL78K3zJ8OUyFKnfsaORXmGr9iOKwDkZfUjeXi+CwA=="
      },
      "Microsoft.Extensions.DependencyModel": {
        "type": "Transitive",
        "resolved": "10.0.10",
        "contentHash": "rfZA1RjR021RPqSmIPovfz2aOd79TGqJ9BengbjnzIISOVwjLmuSDnhCMmiY/1c6iYvGolQ1iNGzkav0u11XEA=="
      },
      "Microsoft.Testing.Extensions.CodeCoverage": {
        "type": "Transitive",
        "resolved": "18.10.0",
        "contentHash": "elUX4tKloHh2VCxagbmhV1039xBuE3lKXITtt/hUYU286hl+ja8poOUsF9OnevKoFKt7+p9vLb1LqqW7rFGi9Q==",
        "dependencies": {
          "Microsoft.DiaSymReader": "2.2.10",
          "Microsoft.Extensions.DependencyModel": "10.0.10",
          "Microsoft.Testing.Platform": "2.3.3"
        }
      },
      "Microsoft.Testing.Extensions.Telemetry": {
        "type": "Transitive",
        "resolved": "2.3.3",
        "contentHash": "nY8ceQyPWB9TRE1WE5Oe/sks2e10SxgPv61vBHsFYpgCeDtNwhpMZwmL29GklO3/etTdOsLdrCmNr4zJWaR2fg==",
        "dependencies": {
          "Microsoft.ApplicationInsights": "2.23.0",
          "Microsoft.Testing.Platform": "2.3.3"
        }
      },
      "Microsoft.Testing.Extensions.TrxReport": {
        "type": "Transitive",
        "resolved": "2.3.3",
        "contentHash": "vYBqGSlT94B8d6d4PRdPQ83ogn3kK4kXcnI3SlHBHZu1XsU01IDTMnWoto5v5wXN/Mz4XsVM3Do/sJdGRgH29g==",
        "dependencies": {
          "Microsoft.Testing.Extensions.TrxReport.Abstractions": "2.3.3",
          "Microsoft.Testing.Platform": "2.3.3"
        }
      },
      "Microsoft.Testing.Extensions.TrxReport.Abstractions": {
        "type": "Transitive",
        "resolved": "2.3.3",
        "contentHash": "dceVNxnfTEjKnrIreLcMfkgrzzBY8kgCCJX5NAv7Lq/6vPlTP4VB5zxKeuYy0yfCoBtWuPkLjUG6qtOBMfpypA==",
        "dependencies": {
          "Microsoft.Testing.Platform": "2.3.3"
        }
      },
      "Microsoft.Testing.Platform": {
        "type": "Transitive",
        "resolved": "2.3.3",
        "contentHash": "ENbH4BQh9riXtOKc25KKITfiGGWhWMBJA7pZuNaF9zxzzSaVkp5AMeZxGQ6sXYaR6xb724NLz985Is6XIYqLSg=="
      },
      "Microsoft.Testing.Platform.MSBuild": {
        "type": "Transitive",
        "resolved": "2.3.3",
        "contentHash": "iVAvNbZ5JPDZSrTcIrCDoCsAkzjDxwDEt2mDuMd8ng1P6e2P2NCd0g0BsoBVG+nJLSmK//V+yeEvjCa3E2fxHw==",
        "dependencies": {
          "Microsoft.Testing.Platform": "2.3.3"
        }
      },
      "Purview.SourceGeneratorFramework.Testing": {
        "type": "Transitive",
        "resolved": "1.0.0-prerelease.26",
        "contentHash": "tut/T+oWS/89tabg95Ebm1kAQCQIaVhJ8bu7tdm3jka60Kz3e6xJIiWP6UhikEkZrbr2mws0RzhFgr07PpZBmw==",
        "dependencies": {
          "Microsoft.CodeAnalysis.Analyzers": "5.9.0",
          "Microsoft.CodeAnalysis.CSharp": "4.13.0",
          "Microsoft.CodeAnalysis.CSharp.Workspaces": "4.13.0",
          "Purview.SourceGeneratorFramework": "1.0.0-prerelease.26"
        }
      },
      "System.Composition": {
        "type": "Transitive",
        "resolved": "8.0.0",
        "contentHash": "E9oO9olNNxA39J8CxQwf7ceIPm+j/B/PhYpyK9M4LhN/OLLRw6u5fNInkhVqaWueMB9iXxYqnwqwgz+W91loIA==",
        "dependencies": {
          "System.Composition.AttributedModel": "8.0.0",
          "System.Composition.Convention": "8.0.0",
          "System.Composition.Hosting": "8.0.0",
          "System.Composition.Runtime": "8.0.0",
          "System.Composition.TypedParts": "8.0.0"
        }
      },
      "System.Composition.AttributedModel": {
        "type": "Transitive",
        "resolved": "8.0.0",
        "contentHash": "NyElSuvmBMYdn2iPG0n29i7Igu0bq99izOP3MAtEwskY3OP9jqsavvVmPn9lesVaj/KT/o/QkNjA43dOJTsDQw=="
      },
      "System.Composition.Convention": {
        "type": "Transitive",
        "resolved": "8.0.0",
        "contentHash": "UuVkc1B3vQU/LzEbWLMZ1aYVssv4rpShzf8wPEyrUqoGNqdYKREmB8bXR73heOMKkwS6ZnPz3PjGODT2MenukQ==",
        "dependencies": {
          "System.Composition.AttributedModel": "8.0.0"
        }
      },
      "System.Composition.Hosting": {
        "type": "Transitive",
        "resolved": "8.0.0",
        "contentHash": "qwbONqoxlazxcbiohvb3t1JWZgKIKcRdXS5uEeLbo5wtuBupIbAvdC3PYTAeBCZrZeERvrtAbhYHuuS43Zr1bQ==",
        "dependencies": {
          "System.Composition.Runtime": "8.0.0"
        }
      },
      "System.Composition.Runtime": {
        "type": "Transitive",
        "resolved": "8.0.0",
        "contentHash": "G+kRyB5/6+3ucRRQz+DF4uSHGqpkK8Q4ilVdbt4zvxpmvLVZNmSkyFAQpJLcbOyVF85aomJx0m+TGMDVlwx7ZQ=="
      },
      "System.Composition.TypedParts": {
        "type": "Transitive",
        "resolved": "8.0.0",
        "contentHash": "DsSklhuA+Dsgo3ZZrar8hjBFvq1wa1grrkNCTt+6SoX3vq0Vy+HXJnVXrU/nNH1BjlGH684A7h4hJQHZd/u5mA==",
        "dependencies": {
          "System.Composition.AttributedModel": "8.0.0",
          "System.Composition.Hosting": "8.0.0",
          "System.Composition.Runtime": "8.0.0"
        }
      },
      "TUnit.Assertions": {
        "type": "Transitive",
        "resolved": "1.65.68",
        "contentHash": "9k88ue1cG4Gt2M2le3VQrdWK3ngTxSXdnXshvsVr3jeH80ZmBTGIZ5K5EdZpIkdca6j10pcMmJSHuFhkSz85Nw=="
      },
      "TUnit.Core": {
        "type": "Transitive",
        "resolved": "1.65.68",
        "contentHash": "5uE6TGXwY/ozRgz5qNLK+n6XGfS2tgG8AA2loA1YilBZTMgbnv2QoPdyBPS4f/uQQZ1sclCq7zdF1aUQkDxNug=="
      },
      "TUnit.Engine": {
        "type": "Transitive",
        "resolved": "1.65.68",
        "contentHash": "1D0LcIzrz7th8AP8vHGK/5vWsxa4QnJurMRGuo6y+vzDePkfCRXGGirLd7Cty8Bs87dIFaiRI9AvAKWDzkOHuQ==",
        "dependencies": {
          "Microsoft.Testing.Extensions.TrxReport.Abstractions": "2.3.3",
          "Microsoft.Testing.Platform": "2.3.3",
          "Microsoft.Testing.Platform.MSBuild": "2.3.3",
          "TUnit.Core": "1.65.68"
        }
      },
      "zodsharp": {
        "type": "Project",
        "dependencies": {
          "Microsoft.Extensions.DependencyInjection.Abstractions": "[10.0.10, )"
        }
      },
      "ZodSharp.SourceGenerators": {
        "type": "Project"
      },
      "Microsoft.CodeAnalysis.Analyzers": {
        "type": "CentralTransitive",
        "requested": "[5.9.0, )",
        "resolved": "5.9.0",
        "contentHash": "jMNOo+uoBGiWbZ6Wx0dqU93r5WD4P5WnIRZdoz67RP5N09OUetHgAbo4L7hihOH1NHdD2TgW5/l+SP4gQukwww=="
      },
      "Microsoft.Extensions.DependencyInjection.Abstractions": {
        "type": "CentralTransitive",
        "requested": "[10.0.10, )",
        "resolved": "10.0.10",
        "contentHash": "z/2xXlFw2aLGjHyEm6E0tQ+In6VfzQzTrtArbQ2c0TQE16ZbyDCMGPvaUT9I0s8rgy9sRWlU2P9waW37qV04qA=="
      },
      "Purview.SourceGeneratorFramework": {
        "type": "CentralTransitive",
        "requested": "[1.0.0-prerelease.26, )",
        "resolved": "1.0.0-prerelease.26",
        "contentHash": "smtTDwgd+549wQ7Gz7ZmqpxaHRFIpcdTbbjc1ZjAYSA7Wi8N0BCL/SFH5Nu/d/qG46osFWFbnCJTKoch2UCaiQ=="
      }
    },
    "net8.0": {
      "Bogus": {
        "type": "Direct",
        "requested": "[35.6.5, )",
        "resolved": "35.6.5",
        "contentHash": "2FGZn+aAVHjmCgClgmGkTDBVZk0zkLvAKGaxEf5JL6b3i9JbHTE4wnuY4vHCuzlCmJdU6VZjgDfHwmYkQF8VAA=="
      },
      "Microsoft.CodeAnalysis.CSharp": {
        "type": "Direct",
        "requested": "[4.13.0, )",
        "resolved": "4.13.0",
        "contentHash": "BsH7Vijbj9IL7Fj4k/ysZSVyLGFqr75wmdFGwCKWJvSjnA1xwPaQ3hkB2BQdHOt5CpEYA6Q0I6Oo5sDTDHqHsg==",
        "dependencies": {
          "Microsoft.CodeAnalysis.Analyzers": "3.11.0",
          "Microsoft.CodeAnalysis.Common": "[4.13.0]"
        }
      },
      "Purview.SourceGeneratorFramework.Testing.TUnit": {
        "type": "Direct",
        "requested": "[1.0.0-prerelease.26, )",
        "resolved": "1.0.0-prerelease.26",
        "contentHash": "mvLNPE5GlqQS8Eun+wkqWsSOh7pGDvk+I4xPBoLoWvqlwyX/rNd3fV23R6qCun7tC5U0jPwxe19mAlMaeiwagg==",
        "dependencies": {
          "Microsoft.CodeAnalysis.Analyzers": "5.9.0",
          "Microsoft.CodeAnalysis.CSharp": "4.13.0",
          "Microsoft.CodeAnalysis.CSharp.Workspaces": "4.13.0",
          "Purview.SourceGeneratorFramework.Testing": "1.0.0-prerelease.26",
          "TUnit.Assertions": "1.65.51",
          "TUnit.Core": "1.65.51"
        }
      },
      "TUnit": {
        "type": "Direct",
        "requested": "[1.65.68, )",
        "resolved": "1.65.68",
        "contentHash": "m9T37lAzkKxAbnj3PkKQ9irRC0CvL8P2tuE2UzRyEsaaWMZZXIDHmSqjs4RDN4URnvT8iFfp3/1TLPUi4cwtXg==",
        "dependencies": {
          "Microsoft.Testing.Extensions.CodeCoverage": "18.10.0",
          "Microsoft.Testing.Extensions.Telemetry": "2.3.3",
          "Microsoft.Testing.Extensions.TrxReport": "2.3.3",
          "TUnit.Assertions": "1.65.68",
          "TUnit.Engine": "1.65.68"
        }
      },
      "TUnit.Mocks": {
        "type": "Direct",
        "requested": "[1.65.68, )",
        "resolved": "1.65.68",
        "contentHash": "Z5Ll3iD7O3A/eYNqowiSZudkwuTyF0jwCFYvSV0WdpfYCQBcT97Zr/Y3sDP5U80EbKinlsa0VZLHLvnXiSByEg==",
        "dependencies": {
          "TUnit.Core": "1.65.68"
        }
      },
      "Humanizer.Core": {
        "type": "Transitive",
        "resolved": "2.14.1",
        "contentHash": "lQKvtaTDOXnoVJ20ibTuSIOf2i0uO0MPbDhd1jm238I+U/2ZnRENj0cktKZhtchBMtCUSRQ5v4xBCUbKNmyVMw=="
      },
      "Microsoft.ApplicationInsights": {
        "type": "Transitive",
        "resolved": "2.23.0",
        "contentHash": "nWArUZTdU7iqZLycLKWe0TDms48KKGE6pONH2terYNa8REXiqixrMOkf1sk5DHGMaUTqONU2YkS4SAXBhLStgw=="
      },
      "Microsoft.CodeAnalysis.Common": {
        "type": "Transitive",
        "resolved": "4.13.0",
        "contentHash": "T8nRl4mAUY4mhdYM4U2ra2vP2EL+ol8Yqwo0gwC/V55vmlXq9NxdIkZJynTpTL1uX/jHijJ90AeOEx4lf7OwzQ==",
        "dependencies": {
          "Microsoft.CodeAnalysis.Analyzers": "3.11.0"
        }
      },
      "Microsoft.CodeAnalysis.CSharp.Workspaces": {
        "type": "Transitive",
        "resolved": "4.13.0",
        "contentHash": "jglyNfcWHMhtqTmsiTcvOjnd/ibgjMhkKPaHpVrtnuftqAu7Dt8W5nciEZoDjbxSCdG39WOnPmESamqaCgUN1w==",
        "dependencies": {
          "Humanizer.Core": "2.14.1",
          "Microsoft.CodeAnalysis.Analyzers": "3.11.0",
          "Microsoft.CodeAnalysis.CSharp": "[4.13.0]",
          "Microsoft.CodeAnalysis.Common": "[4.13.0]",
          "Microsoft.CodeAnalysis.Workspaces.Common": "[4.13.0]",
          "System.Composition": "8.0.0",
          "System.IO.Pipelines": "8.0.0"
        }
      },
      "Microsoft.CodeAnalysis.Workspaces.Common": {
        "type": "Transitive",
        "resolved": "4.13.0",
        "contentHash": "7kME/hT+I8zlOWIWcX1jWLDKwLNU21u1JGzDV47KxeaYIn5LCacMD2n1LzR4+PwzGzAedy+YjRwcy+NcO9zY+g==",
        "dependencies": {
          "Humanizer.Core": "2.14.1",
          "Microsoft.CodeAnalysis.Analyzers": "3.11.0",
          "Microsoft.CodeAnalysis.Common": "[4.13.0]",
          "System.Composition": "8.0.0",
          "System.IO.Pipelines": "8.0.0"
        }
      },
      "Microsoft.DiaSymReader": {
        "type": "Transitive",
        "resolved": "2.2.10",
        "contentHash": "zmGsm6b2y3STDa/Of7rdkkfTDV8VuGB8aCqIkLoJIQh5tL78K3zJ8OUyFKnfsaORXmGr9iOKwDkZfUjeXi+CwA=="
      },
      "Microsoft.Extensions.DependencyModel": {
        "type": "Transitive",
        "resolved": "10.0.10",
        "contentHash": "rfZA1RjR021RPqSmIPovfz2aOd79TGqJ9BengbjnzIISOVwjLmuSDnhCMmiY/1c6iYvGolQ1iNGzkav0u11XEA==",
        "dependencies": {
          "System.Text.Encodings.Web": "10.0.10",
          "System.Text.Json": "10.0.10"
        }
      },
      "Microsoft.Testing.Extensions.CodeCoverage": {
        "type": "Transitive",
        "resolved": "18.10.0",
        "contentHash": "elUX4tKloHh2VCxagbmhV1039xBuE3lKXITtt/hUYU286hl+ja8poOUsF9OnevKoFKt7+p9vLb1LqqW7rFGi9Q==",
        "dependencies": {
          "Microsoft.DiaSymReader": "2.2.10",
          "Microsoft.Extensions.DependencyModel": "10.0.10",
          "Microsoft.Testing.Platform": "2.3.3",
          "System.IO.Pipelines": "10.0.10",
          "System.Text.Encodings.Web": "10.0.10",
          "System.Text.Json": "10.0.10"
        }
      },
      "Microsoft.Testing.Extensions.Telemetry": {
        "type": "Transitive",
        "resolved": "2.3.3",
        "contentHash": "nY8ceQyPWB9TRE1WE5Oe/sks2e10SxgPv61vBHsFYpgCeDtNwhpMZwmL29GklO3/etTdOsLdrCmNr4zJWaR2fg==",
        "dependencies": {
          "Microsoft.ApplicationInsights": "2.23.0",
          "Microsoft.Testing.Platform": "2.3.3"
        }
      },
      "Microsoft.Testing.Extensions.TrxReport": {
        "type": "Transitive",
        "resolved": "2.3.3",
        "contentHash": "vYBqGSlT94B8d6d4PRdPQ83ogn3kK4kXcnI3SlHBHZu1XsU01IDTMnWoto5v5wXN/Mz4XsVM3Do/sJdGRgH29g==",
        "dependencies": {
          "Microsoft.Testing.Extensions.TrxReport.Abstractions": "2.3.3",
          "Microsoft.Testing.Platform": "2.3.3"
        }
      },
      "Microsoft.Testing.Extensions.TrxReport.Abstractions": {
        "type": "Transitive",
        "resolved": "2.3.3",
        "contentHash": "dceVNxnfTEjKnrIreLcMfkgrzzBY8kgCCJX5NAv7Lq/6vPlTP4VB5zxKeuYy0yfCoBtWuPkLjUG6qtOBMfpypA==",
        "dependencies": {
          "Microsoft.Testing.Platform": "2.3.3"
        }
      },
      "Microsoft.Testing.Platform": {
        "type": "Transitive",
        "resolved": "2.3.3",
        "contentHash": "ENbH4BQh9riXtOKc25KKITfiGGWhWMBJA7pZuNaF9zxzzSaVkp5AMeZxGQ6sXYaR6xb724NLz985Is6XIYqLSg=="
      },
      "Microsoft.Testing.Platform.MSBuild": {
        "type": "Transitive",
        "resolved": "2.3.3",
        "contentHash": "iVAvNbZ5JPDZSrTcIrCDoCsAkzjDxwDEt2mDuMd8ng1P6e2P2NCd0g0BsoBVG+nJLSmK//V+yeEvjCa3E2fxHw==",
        "dependencies": {
          "Microsoft.Testing.Platform": "2.3.3"
        }
      },
      "Purview.SourceGeneratorFramework.Testing": {
        "type": "Transitive",
        "resolved": "1.0.0-prerelease.26",
        "contentHash": "tut/T+oWS/89tabg95Ebm1kAQCQIaVhJ8bu7tdm3jka60Kz3e6xJIiWP6UhikEkZrbr2mws0RzhFgr07PpZBmw==",
        "dependencies": {
          "Microsoft.CodeAnalysis.Analyzers": "5.9.0",
          "Microsoft.CodeAnalysis.CSharp": "4.13.0",
          "Microsoft.CodeAnalysis.CSharp.Workspaces": "4.13.0",
          "Purview.SourceGeneratorFramework": "1.0.0-prerelease.26"
        }
      },
      "System.Composition": {
        "type": "Transitive",
        "resolved": "8.0.0",
        "contentHash": "E9oO9olNNxA39J8CxQwf7ceIPm+j/B/PhYpyK9M4LhN/OLLRw6u5fNInkhVqaWueMB9iXxYqnwqwgz+W91loIA==",
        "dependencies": {
          "System.Composition.AttributedModel": "8.0.0",
          "System.Composition.Convention": "8.0.0",
          "System.Composition.Hosting": "8.0.0",
          "System.Composition.Runtime": "8.0.0",
          "System.Composition.TypedParts": "8.0.0"
        }
      },
      "System.Composition.AttributedModel": {
        "type": "Transitive",
        "resolved": "8.0.0",
        "contentHash": "NyElSuvmBMYdn2iPG0n29i7Igu0bq99izOP3MAtEwskY3OP9jqsavvVmPn9lesVaj/KT/o/QkNjA43dOJTsDQw=="
      },
      "System.Composition.Convention": {
        "type": "Transitive",
        "resolved": "8.0.0",
        "contentHash": "UuVkc1B3vQU/LzEbWLMZ1aYVssv4rpShzf8wPEyrUqoGNqdYKREmB8bXR73heOMKkwS6ZnPz3PjGODT2MenukQ==",
        "dependencies": {
          "System.Composition.AttributedModel": "8.0.0"
        }
      },
      "System.Composition.Hosting": {
        "type": "Transitive",
        "resolved": "8.0.0",
        "contentHash": "qwbONqoxlazxcbiohvb3t1JWZgKIKcRdXS5uEeLbo5wtuBupIbAvdC3PYTAeBCZrZeERvrtAbhYHuuS43Zr1bQ==",
        "dependencies": {
          "System.Composition.Runtime": "8.0.0"
        }
      },
      "System.Composition.Runtime": {
        "type": "Transitive",
        "resolved": "8.0.0",
        "contentHash": "G+kRyB5/6+3ucRRQz+DF4uSHGqpkK8Q4ilVdbt4zvxpmvLVZNmSkyFAQpJLcbOyVF85aomJx0m+TGMDVlwx7ZQ=="
      },
      "System.Composition.TypedParts": {
        "type": "Transitive",
        "resolved": "8.0.0",
        "contentHash": "DsSklhuA+Dsgo3ZZrar8hjBFvq1wa1grrkNCTt+6SoX3vq0Vy+HXJnVXrU/nNH1BjlGH684A7h4hJQHZd/u5mA==",
        "dependencies": {
          "System.Composition.AttributedModel": "8.0.0",
          "System.Composition.Hosting": "8.0.0",
          "System.Composition.Runtime": "8.0.0"
        }
      },
      "System.IO.Pipelines": {
        "type": "Transitive",
        "resolved": "10.0.10",
        "contentHash": "7WX0W96y3dpQdYG4sEGdh38g3/0lOD4/dKbn2rRVOVzKhzoZUn2gKNIKaFeKWs8RCbpFfmmEWsRhSy95hMpvqA=="
      },
      "System.Text.Encodings.Web": {
        "type": "Transitive",
        "resolved": "10.0.10",
        "contentHash": "o16m2YpDN/pjHsnxf9pTGwkpcuvjW8v1/wGUwJtM1c3QZUKm7ZEO/eYRJg7iIx6GxS2Zv9lAMHpiQwHDdgqauA=="
      },
      "System.Threading.Channels": {
        "type": "Transitive",
        "resolved": "9.0.0",
        "contentHash": "hzACdIf1C+4Dqos5ijV404b94+LqfIC8nfS3mNpCDFWowb1N3PNfJPopneq32ahWlDeyaPZJqjBk76YFR69Rpg=="
      },
      "TUnit.Assertions": {
        "type": "Transitive",
        "resolved": "1.65.68",
        "contentHash": "9k88ue1cG4Gt2M2le3VQrdWK3ngTxSXdnXshvsVr3jeH80ZmBTGIZ5K5EdZpIkdca6j10pcMmJSHuFhkSz85Nw=="
      },
      "TUnit.Core": {
        "type": "Transitive",
        "resolved": "1.65.68",
        "contentHash": "5uE6TGXwY/ozRgz5qNLK+n6XGfS2tgG8AA2loA1YilBZTMgbnv2QoPdyBPS4f/uQQZ1sclCq7zdF1aUQkDxNug=="
      },
      "TUnit.Engine": {
        "type": "Transitive",
        "resolved": "1.65.68",
        "contentHash": "1D0LcIzrz7th8AP8vHGK/5vWsxa4QnJurMRGuo6y+vzDePkfCRXGGirLd7Cty8Bs87dIFaiRI9AvAKWDzkOHuQ==",
        "dependencies": {
          "Microsoft.Testing.Extensions.TrxReport.Abstractions": "2.3.3",
          "Microsoft.Testing.Platform": "2.3.3",
          "Microsoft.Testing.Platform.MSBuild": "2.3.3",
          "System.Threading.Channels": "9.0.0",
          "TUnit.Core": "1.65.68"
        }
      },
      "zodsharp": {
        "type": "Project",
        "dependencies": {
          "Microsoft.Extensions.DependencyInjection.Abstractions": "[8.0.2, )"
        }
      },
      "ZodSharp.SourceGenerators": {
        "type": "Project"
      },
      "Microsoft.CodeAnalysis.Analyzers": {
        "type": "CentralTransitive",
        "requested": "[5.9.0, )",
        "resolved": "5.9.0",
        "contentHash": "jMNOo+uoBGiWbZ6Wx0dqU93r5WD4P5WnIRZdoz67RP5N09OUetHgAbo4L7hihOH1NHdD2TgW5/l+SP4gQukwww=="
      },
      "Microsoft.Extensions.DependencyInjection.Abstractions": {
        "type": "CentralTransitive",
        "requested": "[10.0.10, )",
        "resolved": "10.0.10",
        "contentHash": "z/2xXlFw2aLGjHyEm6E0tQ+In6VfzQzTrtArbQ2c0TQE16ZbyDCMGPvaUT9I0s8rgy9sRWlU2P9waW37qV04qA=="
      },
      "Purview.SourceGeneratorFramework": {
        "type": "CentralTransitive",
        "requested": "[1.0.0-prerelease.26, )",
        "resolved": "1.0.0-prerelease.26",
        "contentHash": "smtTDwgd+549wQ7Gz7ZmqpxaHRFIpcdTbbjc1ZjAYSA7Wi8N0BCL/SFH5Nu/d/qG46osFWFbnCJTKoch2UCaiQ=="
      },
      "System.Text.Json": {
        "type": "CentralTransitive",
        "requested": "[10.0.10, )",
        "resolved": "10.0.10",
        "contentHash": "bmsO6UdYtBdtn32zYXfsh7KlyTIzV/3V9hdT9RIb4pXKgYOsNxXR+VbWigNwBtNFVGYGm6Hwmqw5a+/IWFd36Q==",
        "dependencies": {
          "System.IO.Pipelines": "10.0.10",
          "System.Text.Encodings.Web": "10.0.10"
        }
      }
    },
    "net9.0": {
      "Bogus": {
        "type": "Direct",
        "requested": "[35.6.5, )",
        "resolved": "35.6.5",
        "contentHash": "2FGZn+aAVHjmCgClgmGkTDBVZk0zkLvAKGaxEf5JL6b3i9JbHTE4wnuY4vHCuzlCmJdU6VZjgDfHwmYkQF8VAA=="
      },
      "Microsoft.CodeAnalysis.CSharp": {
        "type": "Direct",
        "requested": "[4.13.0, )",
        "resolved": "4.13.0",
        "contentHash": "BsH7Vijbj9IL7Fj4k/ysZSVyLGFqr75wmdFGwCKWJvSjnA1xwPaQ3hkB2BQdHOt5CpEYA6Q0I6Oo5sDTDHqHsg==",
        "dependencies": {
          "Microsoft.CodeAnalysis.Analyzers": "3.11.0",
          "Microsoft.CodeAnalysis.Common": "[4.13.0]"
        }
      },
      "Purview.SourceGeneratorFramework.Testing.TUnit": {
        "type": "Direct",
        "requested": "[1.0.0-prerelease.26, )",
        "resolved": "1.0.0-prerelease.26",
        "contentHash": "mvLNPE5GlqQS8Eun+wkqWsSOh7pGDvk+I4xPBoLoWvqlwyX/rNd3fV23R6qCun7tC5U0jPwxe19mAlMaeiwagg==",
        "dependencies": {
          "Microsoft.CodeAnalysis.Analyzers": "5.9.0",
          "Microsoft.CodeAnalysis.CSharp": "4.13.0",
          "Microsoft.CodeAnalysis.CSharp.Workspaces": "4.13.0",
          "Purview.SourceGeneratorFramework.Testing": "1.0.0-prerelease.26",
          "TUnit.Assertions": "1.65.51",
          "TUnit.Core": "1.65.51"
        }
      },
      "TUnit": {
        "type": "Direct",
        "requested": "[1.65.68, )",
        "resolved": "1.65.68",
        "contentHash": "m9T37lAzkKxAbnj3PkKQ9irRC0CvL8P2tuE2UzRyEsaaWMZZXIDHmSqjs4RDN4URnvT8iFfp3/1TLPUi4cwtXg==",
        "dependencies": {
          "Microsoft.Testing.Extensions.CodeCoverage": "18.10.0",
          "Microsoft.Testing.Extensions.Telemetry": "2.3.3",
          "Microsoft.Testing.Extensions.TrxReport": "2.3.3",
          "TUnit.Assertions": "1.65.68",
          "TUnit.Engine": "1.65.68"
        }
      },
      "TUnit.Mocks": {
        "type": "Direct",
        "requested": "[1.65.68, )",
        "resolved": "1.65.68",
        "contentHash": "Z5Ll3iD7O3A/eYNqowiSZudkwuTyF0jwCFYvSV0WdpfYCQBcT97Zr/Y3sDP5U80EbKinlsa0VZLHLvnXiSByEg==",
        "dependencies": {
          "TUnit.Core": "1.65.68"
        }
      },
      "Humanizer.Core": {
        "type": "Transitive",
        "resolved": "2.14.1",
        "contentHash": "lQKvtaTDOXnoVJ20ibTuSIOf2i0uO0MPbDhd1jm238I+U/2ZnRENj0cktKZhtchBMtCUSRQ5v4xBCUbKNmyVMw=="
      },
      "Microsoft.ApplicationInsights": {
        "type": "Transitive",
        "resolved": "2.23.0",
        "contentHash": "nWArUZTdU7iqZLycLKWe0TDms48KKGE6pONH2terYNa8REXiqixrMOkf1sk5DHGMaUTqONU2YkS4SAXBhLStgw=="
      },
      "Microsoft.CodeAnalysis.Common": {
        "type": "Transitive",
        "resolved": "4.13.0",
        "contentHash": "T8nRl4mAUY4mhdYM4U2ra2vP2EL+ol8Yqwo0gwC/V55vmlXq9NxdIkZJynTpTL1uX/jHijJ90AeOEx4lf7OwzQ==",
        "dependencies": {
          "Microsoft.CodeAnalysis.Analyzers": "3.11.0"
        }
      },
      "Microsoft.CodeAnalysis.CSharp.Workspaces": {
        "type": "Transitive",
        "resolved": "4.13.0",
        "contentHash": "jglyNfcWHMhtqTmsiTcvOjnd/ibgjMhkKPaHpVrtnuftqAu7Dt8W5nciEZoDjbxSCdG39WOnPmESamqaCgUN1w==",
        "dependencies": {
          "Humanizer.Core": "2.14.1",
          "Microsoft.CodeAnalysis.Analyzers": "3.11.0",
          "Microsoft.CodeAnalysis.CSharp": "[4.13.0]",
          "Microsoft.CodeAnalysis.Common": "[4.13.0]",
          "Microsoft.CodeAnalysis.Workspaces.Common": "[4.13.0]",
          "System.Composition": "8.0.0"
        }
      },
      "Microsoft.CodeAnalysis.Workspaces.Common": {
        "type": "Transitive",
        "resolved": "4.13.0",
        "contentHash": "7kME/hT+I8zlOWIWcX1jWLDKwLNU21u1JGzDV47KxeaYIn5LCacMD2n1LzR4+PwzGzAedy+YjRwcy+NcO9zY+g==",
        "dependencies": {
          "Humanizer.Core": "2.14.1",
          "Microsoft.CodeAnalysis.Analyzers": "3.11.0",
          "Microsoft.CodeAnalysis.Common": "[4.13.0]",
          "System.Composition": "8.0.0"
        }
      },
      "Microsoft.DiaSymReader": {
        "type": "Transitive",
        "resolved": "2.2.10",
        "contentHash": "zmGsm6b2y3STDa/Of7rdkkfTDV8VuGB8aCqIkLoJIQh5tL78K3zJ8OUyFKnfsaORXmGr9iOKwDkZfUjeXi+CwA=="
      },
      "Microsoft.Extensions.DependencyModel": {
        "type": "Transitive",
        "resolved": "10.0.10",
        "contentHash": "rfZA1RjR021RPqSmIPovfz2aOd79TGqJ9BengbjnzIISOVwjLmuSDnhCMmiY/1c6iYvGolQ1iNGzkav0u11XEA==",
        "dependencies": {
          "System.Text.Encodings.Web": "10.0.10",
          "System.Text.Json": "10.0.10"
        }
      },
      "Microsoft.Testing.Extensions.CodeCoverage": {
        "type": "Transitive",
        "resolved": "18.10.0",
        "contentHash": "elUX4tKloHh2VCxagbmhV1039xBuE3lKXITtt/hUYU286hl+ja8poOUsF9OnevKoFKt7+p9vLb1LqqW7rFGi9Q==",
        "dependencies": {
          "Microsoft.DiaSymReader": "2.2.10",
          "Microsoft.Extensions.DependencyModel": "10.0.10",
          "Microsoft.Testing.Platform": "2.3.3",
          "System.IO.Pipelines": "10.0.10",
          "System.Text.Encodings.Web": "10.0.10",
          "System.Text.Json": "10.0.10"
        }
      },
      "Microsoft.Testing.Extensions.Telemetry": {
        "type": "Transitive",
        "resolved": "2.3.3",
        "contentHash": "nY8ceQyPWB9TRE1WE5Oe/sks2e10SxgPv61vBHsFYpgCeDtNwhpMZwmL29GklO3/etTdOsLdrCmNr4zJWaR2fg==",
        "dependencies": {
          "Microsoft.ApplicationInsights": "2.23.0",
          "Microsoft.Testing.Platform": "2.3.3"
        }
      },
      "Microsoft.Testing.Extensions.TrxReport": {
        "type": "Transitive",
        "resolved": "2.3.3",
        "contentHash": "vYBqGSlT94B8d6d4PRdPQ83ogn3kK4kXcnI3SlHBHZu1XsU01IDTMnWoto5v5wXN/Mz4XsVM3Do/sJdGRgH29g==",
        "dependencies": {
          "Microsoft.Testing.Extensions.TrxReport.Abstractions": "2.3.3",
          "Microsoft.Testing.Platform": "2.3.3"
        }
      },
      "Microsoft.Testing.Extensions.TrxReport.Abstractions": {
        "type": "Transitive",
        "resolved": "2.3.3",
        "contentHash": "dceVNxnfTEjKnrIreLcMfkgrzzBY8kgCCJX5NAv7Lq/6vPlTP4VB5zxKeuYy0yfCoBtWuPkLjUG6qtOBMfpypA==",
        "dependencies": {
          "Microsoft.Testing.Platform": "2.3.3"
        }
      },
      "Microsoft.Testing.Platform": {
        "type": "Transitive",
        "resolved": "2.3.3",
        "contentHash": "ENbH4BQh9riXtOKc25KKITfiGGWhWMBJA7pZuNaF9zxzzSaVkp5AMeZxGQ6sXYaR6xb724NLz985Is6XIYqLSg=="
      },
      "Microsoft.Testing.Platform.MSBuild": {
        "type": "Transitive",
        "resolved": "2.3.3",
        "contentHash": "iVAvNbZ5JPDZSrTcIrCDoCsAkzjDxwDEt2mDuMd8ng1P6e2P2NCd0g0BsoBVG+nJLSmK//V+yeEvjCa3E2fxHw==",
        "dependencies": {
          "Microsoft.Testing.Platform": "2.3.3"
        }
      },
      "Purview.SourceGeneratorFramework.Testing": {
        "type": "Transitive",
        "resolved": "1.0.0-prerelease.26",
        "contentHash": "tut/T+oWS/89tabg95Ebm1kAQCQIaVhJ8bu7tdm3jka60Kz3e6xJIiWP6UhikEkZrbr2mws0RzhFgr07PpZBmw==",
        "dependencies": {
          "Microsoft.CodeAnalysis.Analyzers": "5.9.0",
          "Microsoft.CodeAnalysis.CSharp": "4.13.0",
          "Microsoft.CodeAnalysis.CSharp.Workspaces": "4.13.0",
          "Purview.SourceGeneratorFramework": "1.0.0-prerelease.26"
        }
      },
      "System.Composition": {
        "type": "Transitive",
        "resolved": "8.0.0",
        "contentHash": "E9oO9olNNxA39J8CxQwf7ceIPm+j/B/PhYpyK9M4LhN/OLLRw6u5fNInkhVqaWueMB9iXxYqnwqwgz+W91loIA==",
        "dependencies": {
          "System.Composition.AttributedModel": "8.0.0",
          "System.Composition.Convention": "8.0.0",
          "System.Composition.Hosting": "8.0.0",
          "System.Composition.Runtime": "8.0.0",
          "System.Composition.TypedParts": "8.0.0"
        }
      },
      "System.Composition.AttributedModel": {
        "type": "Transitive",
        "resolved": "8.0.0",
        "contentHash": "NyElSuvmBMYdn2iPG0n29i7Igu0bq99izOP3MAtEwskY3OP9jqsavvVmPn9lesVaj/KT/o/QkNjA43dOJTsDQw=="
      },
      "System.Composition.Convention": {
        "type": "Transitive",
        "resolved": "8.0.0",
        "contentHash": "UuVkc1B3vQU/LzEbWLMZ1aYVssv4rpShzf8wPEyrUqoGNqdYKREmB8bXR73heOMKkwS6ZnPz3PjGODT2MenukQ==",
        "dependencies": {
          "System.Composition.AttributedModel": "8.0.0"
        }
      },
      "System.Composition.Hosting": {
        "type": "Transitive",
        "resolved": "8.0.0",
        "contentHash": "qwbONqoxlazxcbiohvb3t1JWZgKIKcRdXS5uEeLbo5wtuBupIbAvdC3PYTAeBCZrZeERvrtAbhYHuuS43Zr1bQ==",
        "dependencies": {
          "System.Composition.Runtime": "8.0.0"
        }
      },
      "System.Composition.Runtime": {
        "type": "Transitive",
        "resolved": "8.0.0",
        "contentHash": "G+kRyB5/6+3ucRRQz+DF4uSHGqpkK8Q4ilVdbt4zvxpmvLVZNmSkyFAQpJLcbOyVF85aomJx0m+TGMDVlwx7ZQ=="
      },
      "System.Composition.TypedParts": {
        "type": "Transitive",
        "resolved": "8.0.0",
        "contentHash": "DsSklhuA+Dsgo3ZZrar8hjBFvq1wa1grrkNCTt+6SoX3vq0Vy+HXJnVXrU/nNH1BjlGH684A7h4hJQHZd/u5mA==",
        "dependencies": {
          "System.Composition.AttributedModel": "8.0.0",
          "System.Composition.Hosting": "8.0.0",
          "System.Composition.Runtime": "8.0.0"
        }
      },
      "System.IO.Pipelines": {
        "type": "Transitive",
        "resolved": "10.0.10",
        "contentHash": "7WX0W96y3dpQdYG4sEGdh38g3/0lOD4/dKbn2rRVOVzKhzoZUn2gKNIKaFeKWs8RCbpFfmmEWsRhSy95hMpvqA=="
      },
      "System.Text.Encodings.Web": {
        "type": "Transitive",
        "resolved": "10.0.10",
        "contentHash": "o16m2YpDN/pjHsnxf9pTGwkpcuvjW8v1/wGUwJtM1c3QZUKm7ZEO/eYRJg7iIx6GxS2Zv9lAMHpiQwHDdgqauA=="
      },
      "TUnit.Assertions": {
        "type": "Transitive",
        "resolved": "1.65.68",
        "contentHash": "9k88ue1cG4Gt2M2le3VQrdWK3ngTxSXdnXshvsVr3jeH80ZmBTGIZ5K5EdZpIkdca6j10pcMmJSHuFhkSz85Nw=="
      },
      "TUnit.Core": {
        "type": "Transitive",
        "resolved": "1.65.68",
        "contentHash": "5uE6TGXwY/ozRgz5qNLK+n6XGfS2tgG8AA2loA1YilBZTMgbnv2QoPdyBPS4f/uQQZ1sclCq7zdF1aUQkDxNug=="
      },
      "TUnit.Engine": {
        "type": "Transitive",
        "resolved": "1.65.68",
        "contentHash": "1D0LcIzrz7th8AP8vHGK/5vWsxa4QnJurMRGuo6y+vzDePkfCRXGGirLd7Cty8Bs87dIFaiRI9AvAKWDzkOHuQ==",
        "dependencies": {
          "Microsoft.Testing.Extensions.TrxReport.Abstractions": "2.3.3",
          "Microsoft.Testing.Platform": "2.3.3",
          "Microsoft.Testing.Platform.MSBuild": "2.3.3",
          "TUnit.Core": "1.65.68"
        }
      },
      "zodsharp": {
        "type": "Project",
        "dependencies": {
          "Microsoft.Extensions.DependencyInjection.Abstractions": "[9.0.0, )"
        }
      },
      "ZodSharp.SourceGenerators": {
        "type": "Project"
      },
      "Microsoft.CodeAnalysis.Analyzers": {
        "type": "CentralTransitive",
        "requested": "[5.9.0, )",
        "resolved": "5.9.0",
        "contentHash": "jMNOo+uoBGiWbZ6Wx0dqU93r5WD4P5WnIRZdoz67RP5N09OUetHgAbo4L7hihOH1NHdD2TgW5/l+SP4gQukwww=="
      },
      "Microsoft.Extensions.DependencyInjection.Abstractions": {
        "type": "CentralTransitive",
        "requested": "[10.0.10, )",
        "resolved": "10.0.10",
        "contentHash": "z/2xXlFw2aLGjHyEm6E0tQ+In6VfzQzTrtArbQ2c0TQE16ZbyDCMGPvaUT9I0s8rgy9sRWlU2P9waW37qV04qA=="
      },
      "Purview.SourceGeneratorFramework": {
        "type": "CentralTransitive",
        "requested": "[1.0.0-prerelease.26, )",
        "resolved": "1.0.0-prerelease.26",
        "contentHash": "smtTDwgd+549wQ7Gz7ZmqpxaHRFIpcdTbbjc1ZjAYSA7Wi8N0BCL/SFH5Nu/d/qG46osFWFbnCJTKoch2UCaiQ=="
      },
      "System.Text.Json": {
        "type": "CentralTransitive",
        "requested": "[10.0.10, )",
        "resolved": "10.0.10",
        "contentHash": "bmsO6UdYtBdtn32zYXfsh7KlyTIzV/3V9hdT9RIb4pXKgYOsNxXR+VbWigNwBtNFVGYGm6Hwmqw5a+/IWFd36Q==",
        "dependencies": {
          "System.IO.Pipelines": "10.0.10",
          "System.Text.Encodings.Web": "10.0.10"
        }
      }
    }
  }
}